<?xml version="1.0" encoding="utf-8"?>
<Project ToolsVersion="4.0" xmlns="http://schemas.microsoft.com/developer/msbuild/2003">
  <ItemGroup>
    <Filter Include="Flux">
      <UniqueIdentifier>{93995380-89BD-4b04-88EB-625FBE52EBFB}</UniqueIdentifier>
      <Extensions>h;hh;hpp;hxx;h++;hm;inl;inc;ipp;xsd</Extensions>
    </Filter>
    <Filter Include="Echangeur">
      <UniqueIdentifier>{4FC737F1-C7A5-4376-A066-2A32D752A2FF}</UniqueIdentifier>
      <Extensions>cpp;c;cc;cxx;c++;cppm;ixx;def;odl;idl;hpj;bat;asm;asmx</Extensions>
    </Filter>
    <Filter Include="Simulation">
      <UniqueIdentifier>{bd191eca-3382-4a19-9821-4a6442446de4}</UniqueIdentifier>
    </Filter>
    <Filter Include="Test">
      <UniqueIdentifier>{3e95e1db-d6a7-4a6b-bd19-c221c5145706}</UniqueIdentifier>
    </Filter>
    <Filter Include="Reseau">
      <UniqueIdentifier>{4139e3ac-1e59-4929-8a74-fcfc475d0302}</UniqueIdentifier>
    </Filter>
    <Filter Include="Partage">
      <UniqueIdentifier>{6367f9b1-7499-481e-baa1-760b5dd8599c}</UniqueIdentifier>
    </Filter>
    <Filter Include="Données">
      <UniqueIdentifier>{67DA6AB6-F800-4c08-8B7A-83BB121AAD01}</UniqueIdentifier>
      <Extensions>rc;ico;cur;bmp;dlg;rc2;rct;bin;rgs;gif;jpg;jpeg;jpe;resx;tiff;tif;png;wav;mfcribbon-ms</Extensions>
    </Filter>
  </ItemGroup>
  <ItemGroup>
    <ClCompile Include="UnEchangeur.cpp">
      <Filter>Echangeur</Filter>
    </ClCompile>
    <ClCompile Include="RECUtilisateur.cpp">
      <Filter>Simulation</Filter>
    </ClCompile>
    <ClCompile Include="Main.cpp">
      <Filter>Simulation</Filter>
    </ClCompile>
    <ClCompile Include="UnFlux.cpp">
      <Filter>Flux</Filter>
    </ClCompile>
    <ClCompile Include="Tests.cpp">
      <Filter>Test</Filter>
    </ClCompile>
    <ClCompile Include="UnReseau.cpp">
      <Filter>Reseau</Filter>
    </ClCompile>
    <ClCompile Include="Numerique.cpp">
      <Filter>Simulation</Filter>
    </ClCompile>
    <ClCompile Include="Partage.cpp">
      <Filter>Partage</Filter>
    </ClCompile>
  </ItemGroup>
  <ItemGroup>
    <ClInclude Include="UnFlux.h">
      <Filter>Flux</Filter>
    </ClInclude>
    <ClInclude Include="UnEchangeur.h">
      <Filter>Echangeur</Filter>
    </ClInclude>
    <ClInclude Include="RECUtilisateur.h">
      <Filter>Simulation</Filter>
    </ClInclude>
    <ClInclude Include="Tests.h">
      <Filter>Test</Filter>
    </ClInclude>
    <ClInclude Include="UnReseau.h">
      <Filter>Reseau</Filter>
    </ClInclude>
    <ClInclude Include="Numerique.h">
      <Filter>Simulation</Filter>
    </ClInclude>
    <ClInclude Include="type.h">
      <Filter>Simulation</Filter>
    </ClInclude>
    <ClInclude Include="MathLibC.h">
      <Filter>Simulation</Filter>
    </ClInclude>
    <ClInclude Include="Partage.h">
      <Filter>Partage</Filter>
    </ClInclude>
  </ItemGroup>
  <ItemGroup>
    <Text Include="Reseau1.txt">
      <Filter>Données</Filter>
    </Text>
    <Text Include="InitREC2.txt">
      <Filter>Données</Filter>
    </Text>
    <Text Include="Reseau2.txt">
      <Filter>Données</Filter>
    </Text>
    <Text Include="InitREC1.txt">
      <Filter>Données</Filter>
    </Text>
  </ItemGroup>
  <ItemGroup>
    <None Include="MathLibC.dll">
      <Filter>Simulation</Filter>
    </None>
  </ItemGroup>
  <ItemGroup>
    <Library Include="MathLibC.lib">
      <Filter>Simulation</Filter>
    </Library>
  </ItemGroup>
</Project>